
Microsoft Visual Studio Solution File, Format Version 12.00
# Visual Studio 15
VisualStudioVersion = 15.0.28010.2046
MinimumVisualStudioVersion = 10.0.40219.1
Project("{FAE04EC0-301F-11D3-BF4B-00C04F79EFBC}") = "FilmShare", "Film Share\FilmShare.csproj", "{D09ACD96-B6CB-4943-8769-531B907E5AF0}"
EndProject
Global
	GlobalSection(SolutionConfigurationPlatforms) = preSolution
		Debug|Any CPU = Debug|Any CPU
		Release|Any CPU = Release|Any CPU
	EndGlobalSection
	GlobalSection(ProjectConfigurationPlatforms) = postSolution
		{D09ACD96-B6CB-4943-8769-531B907E5AF0}.Debug|Any CPU.ActiveCfg = Debug|Any CPU
		{D09ACD96-B6CB-4943-8769-531B907E5AF0}.Debug|Any CPU.Build.0 = Debug|Any CPU
		{D09ACD96-B6CB-4943-8769-531B907E5AF0}.Release|Any CPU.ActiveCfg = Release|Any CPU
		{D09ACD96-B6CB-4943-8769-531B907E5AF0}.Release|Any CPU.Build.0 = Release|Any CPU
	EndGlobalSection
	GlobalSection(SolutionProperties) = preSolution
		HideSolutionNode = FALSE
	EndGlobalSection
	GlobalSection(ExtensibilityGlobals) = postSolution
		SolutionGuid = {F336AC47-78B4-4EEE-89BB-21CD2FADA54E}
	EndGlobalSection
EndGlobal
